
Microsoft Visual Studio Solution File, Format Version 12.00
# Visual Studio Version 16
VisualStudioVersion = 16.0.29230.47
MinimumVisualStudioVersion = 10.0.40219.1
Project("{FAE04EC0-301F-11D3-BF4B-00C04F79EFBC}") = "Vy2", "Vy2\Vy2.csproj", "{B6457F31-6EB4-43F1-8E17-25A27A1E1B0E}"
EndProject
Project("{FAE04EC0-301F-11D3-BF4B-00C04F79EFBC}") = "VyDAL", "VyDAL\VyDAL.csproj", "{E157BAB8-DD14-423B-857F-8FE1482CCC67}"
EndProject
Project("{FAE04EC0-301F-11D3-BF4B-00C04F79EFBC}") = "VyModels", "VyModels\VyModels.csproj", "{E8AE84D0-C727-489D-8E22-FC4595BC7B07}"
EndProject
Project("{FAE04EC0-301F-11D3-BF4B-00C04F79EFBC}") = "VyBLL", "VyBLL\VyBLL.csproj", "{4DE81318-3E24-4DA4-AD3B-5B95E68BABE0}"
EndProject
Project("{FAE04EC0-301F-11D3-BF4B-00C04F79EFBC}") = "UnitTest", "UnitTest\UnitTest.csproj", "{98534344-0CF7-419F-B348-6B8D20E4AD84}"
EndProject
Global
	GlobalSection(SolutionConfigurationPlatforms) = preSolution
		Debug|Any CPU = Debug|Any CPU
		Release|Any CPU = Release|Any CPU
	EndGlobalSection
	GlobalSection(ProjectConfigurationPlatforms) = postSolution
		{B6457F31-6EB4-43F1-8E17-25A27A1E1B0E}.Debug|Any CPU.ActiveCfg = Debug|Any CPU
		{B6457F31-6EB4-43F1-8E17-25A27A1E1B0E}.Debug|Any CPU.Build.0 = Debug|Any CPU
		{B6457F31-6EB4-43F1-8E17-25A27A1E1B0E}.Release|Any CPU.ActiveCfg = Release|Any CPU
		{B6457F31-6EB4-43F1-8E17-25A27A1E1B0E}.Release|Any CPU.Build.0 = Release|Any CPU
		{E157BAB8-DD14-423B-857F-8FE1482CCC67}.Debug|Any CPU.ActiveCfg = Debug|Any CPU
		{E157BAB8-DD14-423B-857F-8FE1482CCC67}.Debug|Any CPU.Build.0 = Debug|Any CPU
		{E157BAB8-DD14-423B-857F-8FE1482CCC67}.Release|Any CPU.ActiveCfg = Release|Any CPU
		{E157BAB8-DD14-423B-857F-8FE1482CCC67}.Release|Any CPU.Build.0 = Release|Any CPU
		{E8AE84D0-C727-489D-8E22-FC4595BC7B07}.Debug|Any CPU.ActiveCfg = Debug|Any CPU
		{E8AE84D0-C727-489D-8E22-FC4595BC7B07}.Debug|Any CPU.Build.0 = Debug|Any CPU
		{E8AE84D0-C727-489D-8E22-FC4595BC7B07}.Release|Any CPU.ActiveCfg = Release|Any CPU
		{E8AE84D0-C727-489D-8E22-FC4595BC7B07}.Release|Any CPU.Build.0 = Release|Any CPU
		{4DE81318-3E24-4DA4-AD3B-5B95E68BABE0}.Debug|Any CPU.ActiveCfg = Debug|Any CPU
		{4DE81318-3E24-4DA4-AD3B-5B95E68BABE0}.Debug|Any CPU.Build.0 = Debug|Any CPU
		{4DE81318-3E24-4DA4-AD3B-5B95E68BABE0}.Release|Any CPU.ActiveCfg = Release|Any CPU
		{4DE81318-3E24-4DA4-AD3B-5B95E68BABE0}.Release|Any CPU.Build.0 = Release|Any CPU
		{98534344-0CF7-419F-B348-6B8D20E4AD84}.Debug|Any CPU.ActiveCfg = Debug|Any CPU
		{98534344-0CF7-419F-B348-6B8D20E4AD84}.Debug|Any CPU.Build.0 = Debug|Any CPU
		{98534344-0CF7-419F-B348-6B8D20E4AD84}.Release|Any CPU.ActiveCfg = Release|Any CPU
		{98534344-0CF7-419F-B348-6B8D20E4AD84}.Release|Any CPU.Build.0 = Release|Any CPU
	EndGlobalSection
	GlobalSection(SolutionProperties) = preSolution
		HideSolutionNode = FALSE
	EndGlobalSection
	GlobalSection(ExtensibilityGlobals) = postSolution
		SolutionGuid = {BE6D1FDD-F792-4CB2-93CC-55DF0639C4C8}
	EndGlobalSection
EndGlobal
